
Microsoft Visual Studio Solution File, Format Version 12.00
# Visual Studio Version 17
VisualStudioVersion = 17.14.36414.22 d17.14
MinimumVisualStudioVersion = 10.0.40219.1
Project("{FAE04EC0-301F-11D3-BF4B-00C04F79EFBC}") = "TestAboutCapitals", "TestAboutCapitals\TestAboutCapitals.csproj", "{8EB42DF9-6669-44C9-BBCC-9D3250B44AAD}"
EndProject
Global
	GlobalSection(SolutionConfigurationPlatforms) = preSolution
		Debug|Any CPU = Debug|Any CPU
		Release|Any CPU = Release|Any CPU
	EndGlobalSection
	GlobalSection(ProjectConfigurationPlatforms) = postSolution
		{8EB42DF9-6669-44C9-BBCC-9D3250B44AAD}.Debug|Any CPU.ActiveCfg = Debug|Any CPU
		{8EB42DF9-6669-44C9-BBCC-9D3250B44AAD}.Debug|Any CPU.Build.0 = Debug|Any CPU
		{8EB42DF9-6669-44C9-BBCC-9D3250B44AAD}.Release|Any CPU.ActiveCfg = Release|Any CPU
		{8EB42DF9-6669-44C9-BBCC-9D3250B44AAD}.Release|Any CPU.Build.0 = Release|Any CPU
	EndGlobalSection
	GlobalSection(SolutionProperties) = preSolution
		HideSolutionNode = FALSE
	EndGlobalSection
	GlobalSection(ExtensibilityGlobals) = postSolution
		SolutionGuid = {28A24F7F-57D1-4689-B571-44E4F268516B}
	EndGlobalSection
EndGlobal
